{
    "_readme": [
        "This file locks the dependencies of your project to a known state",
        "Read more about it at https://getcomposer.org/doc/01-basic-usage.md#composer-lock-the-lock-file",
        "This file is @generated automatically"
    ],
    "content-hash": "b14a738d8e2495d46daf26ebc37f0204",
    "packages": [
        {
            "name": "hassankhan/config",
            "version": "0.11.2",
            "source": {
                "type": "git",
                "url": "https://github.com/hassankhan/config.git",
                "reference": "7fbc236c32dc6cc53a7b00992a2739cf8b41c085"
            },
            "dist": {
                "type": "zip",
                "url": "https://api.github.com/repos/hassankhan/config/zipball/7fbc236c32dc6cc53a7b00992a2739cf8b41c085",
                "reference": "7fbc236c32dc6cc53a7b00992a2739cf8b41c085",
                "shasum": ""
            },
            "require": {
                "php": ">=5.3.0"
            },
            "require-dev": {
                "phpunit/phpunit": "~4.0",
                "scrutinizer/ocular": "~1.1",
                "squizlabs/php_codesniffer": "~2.2"
            },
            "suggest": {
                "symfony/yaml": "~2.5"
            },
            "type": "library",
            "autoload": {
                "psr-4": {
                    "Noodlehaus\\": "src"
                }
            },
            "notification-url": "https://packagist.org/downloads/",
            "license": [
                "MIT"
            ],
            "authors": [
                {
                    "name": "Hassan Khan",
                    "homepage": "http://hassankhan.me/",
                    "role": "Developer"
                }
            ],
            "description": "Lightweight configuration file loader that supports PHP, INI, XML, JSON, and YAML files",
            "homepage": "http://hassankhan.me/config/",
            "keywords": [
                "config",
                "configuration",
                "ini",
                "json",
                "microphp",
                "unframework",
                "xml",
                "yaml",
                "yml"
            ],
            "time": "2017-11-07T22:49:43+00:00"
        },
        {
            "name": "mustache/mustache",
            "version": "v2.12.0",
            "source": {
                "type": "git",
                "url": "https://github.com/bobthecow/mustache.php.git",
                "reference": "fe8fe72e9d580591854de404cc59a1b83ca4d19e"
            },
            "dist": {
                "type": "zip",
                "url": "https://api.github.com/repos/bobthecow/mustache.php/zipball/fe8fe72e9d580591854de404cc59a1b83ca4d19e",
                "reference": "fe8fe72e9d580591854de404cc59a1b83ca4d19e",
                "shasum": ""
            },
            "require": {
                "php": ">=5.2.4"
            },
            "require-dev": {
                "friendsofphp/php-cs-fixer": "~1.11",
                "phpunit/phpunit": "~3.7|~4.0|~5.0"
            },
            "type": "library",
            "autoload": {
                "psr-0": {
                    "Mustache": "src/"
                }
            },
            "notification-url": "https://packagist.org/downloads/",
            "license": [
                "MIT"
            ],
            "authors": [
                {
                    "name": "Justin Hileman",
                    "email": "justin@justinhileman.info",
                    "homepage": "http://justinhileman.com"
                }
            ],
            "description": "A Mustache implementation in PHP.",
            "homepage": "https://github.com/bobthecow/mustache.php",
            "keywords": [
                "mustache",
                "templating"
            ],
            "time": "2017-07-11T12:54:05+00:00"
        },
        {
            "name": "potherca/cli2web",
            "version": "v0.5.0",
            "source": {
                "type": "git",
                "url": "https://github.com/Potherca/cli2web.git",
                "reference": "e89db69a36e3aab4a7fb7c008f895fd309984761"
            },
            "dist": {
                "type": "zip",
                "url": "https://api.github.com/repos/Potherca/cli2web/zipball/e89db69a36e3aab4a7fb7c008f895fd309984761",
                "reference": "e89db69a36e3aab4a7fb7c008f895fd309984761",
                "shasum": ""
            },
            "require": {
                "hassankhan/config": "^0.11",
                "mustache/mustache": "^2.12",
                "php": "^5.6 | ^7.0",
                "vlucas/phpdotenv": "^2.4"
            },
            "type": "library",
            "autoload": {
                "psr-4": {
                    "Potherca\\WebApplication\\Generic\\": "src/"
                },
                "files": [
                    "src/function.create_composer_context.php",
                    "src/function.create_content.php",
                    "src/function.create_context.php",
                    "src/function.create_form_context.php",
                    "src/function.load_values.php"
                ]
            },
            "notification-url": "https://packagist.org/downloads/",
            "license": [
                "GPL-3.0-or-later"
            ],
            "authors": [
                {
                    "name": "Ben Peachey",
                    "email": "potherca@gmail.com",
                    "homepage": "https://pother.ca/"
                }
            ],
            "homepage": "https://pother.ca/cli2web",
            "time": "2018-10-03T18:17:23+00:00"
        },
        {
            "name": "vlucas/phpdotenv",
            "version": "v2.5.1",
            "source": {
                "type": "git",
                "url": "https://github.com/vlucas/phpdotenv.git",
                "reference": "8abb4f9aa89ddea9d52112c65bbe8d0125e2fa8e"
            },
            "dist": {
                "type": "zip",
                "url": "https://api.github.com/repos/vlucas/phpdotenv/zipball/8abb4f9aa89ddea9d52112c65bbe8d0125e2fa8e",
                "reference": "8abb4f9aa89ddea9d52112c65bbe8d0125e2fa8e",
                "shasum": ""
            },
            "require": {
                "php": ">=5.3.9"
            },
            "require-dev": {
                "phpunit/phpunit": "^4.8.35 || ^5.0"
            },
            "type": "library",
            "extra": {
                "branch-alias": {
                    "dev-master": "2.5-dev"
                }
            },
            "autoload": {
                "psr-4": {
                    "Dotenv\\": "src/"
                }
            },
            "notification-url": "https://packagist.org/downloads/",
            "license": [
                "BSD-3-Clause"
            ],
            "authors": [
                {
                    "name": "Vance Lucas",
                    "email": "vance@vancelucas.com",
                    "homepage": "http://www.vancelucas.com"
                }
            ],
            "description": "Loads environment variables from `.env` to `getenv()`, `$_ENV` and `$_SERVER` automagically.",
            "keywords": [
                "dotenv",
                "env",
                "environment"
            ],
            "time": "2018-07-29T20:33:41+00:00"
        }
    ],
    "packages-dev": [],
    "aliases": [],
    "minimum-stability": "stable",
    "stability-flags": [],
    "prefer-stable": false,
    "prefer-lowest": false,
    "platform": {
        "php": "^5.6 | ^7.0"
    },
    "platform-dev": []
}
